{
    "_readme": [
        "This file locks the dependencies of your project to a known state",
        "Read more about it at https://getcomposer.org/doc/01-basic-usage.md#installing-dependencies",
        "This file is @generated automatically"
    ],
    "content-hash": "e28be0eb32b13a1b2481cd60c037d41a",
    "packages": [
        {
            "name": "aylien/textapi",
            "version": "v0.8.0",
            "source": {
                "type": "git",
                "url": "https://github.com/AYLIEN/aylien_textapi_php.git",
                "reference": "a7b78b4d964a275e9e4827a918085b0526caff36"
            },
            "dist": {
                "type": "zip",
                "url": "https://api.github.com/repos/AYLIEN/aylien_textapi_php/zipball/a7b78b4d964a275e9e4827a918085b0526caff36",
                "reference": "a7b78b4d964a275e9e4827a918085b0526caff36",
                "shasum": ""
            },
            "require": {
                "php": ">=5.3.0"
            },
            "require-dev": {
                "phpunit/phpunit": "4.3.*"
            },
            "type": "library",
            "autoload": {
                "classmap": [
                    "src/"
                ]
            },
            "notification-url": "https://packagist.org/downloads/",
            "license": [
                "Apache-2.0"
            ],
            "authors": [
                {
                    "name": "Aylien Inc.",
                    "email": "support@aylien.com"
                }
            ],
            "description": "Client library for AYLIEN Text API",
            "homepage": "https://github.com/AYLIEN/aylien_textapi_php",
            "time": "2018-08-21T07:57:08+00:00"
        }
    ],
    "packages-dev": [],
    "aliases": [],
    "minimum-stability": "stable",
    "stability-flags": [],
    "prefer-stable": false,
    "prefer-lowest": false,
    "platform": {
        "ext-json": "*",
        "ext-curl": "*",
        "ext-dom": "*",
        "ext-mbstring": "^7.3"
    },
    "platform-dev": []
}
